{
  "pid": 3425,
  "version": "2.1.168",
  "jsonPath": "/home/runner/.claude/daemon.json",
  "logPath": "/home/runner/.claude/daemon.log",
  "startedAt": 1780884106216,
  "origin": "transient",
  "spawnedBy": {
    "label": "claude",
    "cwd": "/home/runner/workspace",
    "pid": 1490
  },
  "procStart": "987398",
  "launchTarget": "/home/runner/workspace/.config/npm/node_global/lib/node_modules/@anthropic-ai/claude-code/bin/claude.exe"
}