{
  "pid": 6634,
  "version": "2.1.206",
  "jsonPath": "/home/runner/.claude/daemon.json",
  "logPath": "/home/runner/.claude/daemon.log",
  "startedAt": 1783646974847,
  "origin": "transient",
  "spawnedBy": {
    "label": "claude agents",
    "cwd": "/home/runner/workspace",
    "pid": 923
  },
  "procStart": "1425698",
  "launchTarget": "/home/runner/workspace/.config/npm/node_global/lib/node_modules/@anthropic-ai/claude-code/bin/claude.exe"
}